// !$*UTF8*$!
{
	archiveVersion = 1;
	classes = {
	};
	objectVersion = 51;
	objects = {

/* Begin PBXBuildFile section */
		4B00F8F924D9B3E100681354 /* NewConversationTableViewCell.swift in Sources */ = {isa = PBXBuildFile; fileRef = 4B00F8F824D9B3E100681354 /* NewConversationTableViewCell.swift */; };
		4B00F90E24DA24CA00681354 /* NotificationName+.swift in Sources */ = {isa = PBXBuildFile; fileRef = 4B00F90D24DA24CA00681354 /* NotificationName+.swift */; };
		4B0F5D0C24C76B05008ADC0C /* AppDelegate.swift in Sources */ = {isa = PBXBuildFile; fileRef = 4B0F5D0B24C76B05008ADC0C /* AppDelegate.swift */; };
		4B0F5D0E24C76B05008ADC0C /* SceneDelegate.swift in Sources */ = {isa = PBXBuildFile; fileRef = 4B0F5D0D24C76B05008ADC0C /* SceneDelegate.swift */; };
		4B0F5D1024C76B05008ADC0C /* ConversationsViewController.swift in Sources */ = {isa = PBXBuildFile; fileRef = 4B0F5D0F24C76B05008ADC0C /* ConversationsViewController.swift */; };
		4B0F5D1324C76B05008ADC0C /* Main.storyboard in Resources */ = {isa = PBXBuildFile; fileRef = 4B0F5D1124C76B05008ADC0C /* Main.storyboard */; };
		4B0F5D1524C76B07008ADC0C /* Assets.xcassets in Resources */ = {isa = PBXBuildFile; fileRef = 4B0F5D1424C76B07008ADC0C /* Assets.xcassets */; };
		4B0F5D1824C76B07008ADC0C /* LaunchScreen.storyboard in Resources */ = {isa = PBXBuildFile; fileRef = 4B0F5D1624C76B07008ADC0C /* LaunchScreen.storyboard */; };
		4B2C7B6424C9FD6F00539653 /* String+.swift in Sources */ = {isa = PBXBuildFile; fileRef = 4B2C7B6324C9FD6F00539653 /* String+.swift */; };
		4B2C7B6624CB6EE200539653 /* UserDefaults+.swift in Sources */ = {isa = PBXBuildFile; fileRef = 4B2C7B6524CB6EE200539653 /* UserDefaults+.swift */; };
		4B4DAC2B24CDFB4600DBD947 /* StorageManager.swift in Sources */ = {isa = PBXBuildFile; fileRef = 4B4DAC2A24CDFB4600DBD947 /* StorageManager.swift */; };
		4B893A7924C76D7D00BB69D4 /* SignInViewController.swift in Sources */ = {isa = PBXBuildFile; fileRef = 4B893A7824C76D7D00BB69D4 /* SignInViewController.swift */; };
		4B893A7B24C76D9C00BB69D4 /* RegisterViewController.swift in Sources */ = {isa = PBXBuildFile; fileRef = 4B893A7A24C76D9C00BB69D4 /* RegisterViewController.swift */; };
		4B893A7D24C76E8500BB69D4 /* PhotoViewerViewController.swift in Sources */ = {isa = PBXBuildFile; fileRef = 4B893A7C24C76E8500BB69D4 /* PhotoViewerViewController.swift */; };
		4B893A7F24C76E9C00BB69D4 /* VideoPlayerViewController.swift in Sources */ = {isa = PBXBuildFile; fileRef = 4B893A7E24C76E9C00BB69D4 /* VideoPlayerViewController.swift */; };
		4B893A8124C76ECF00BB69D4 /* NewConversationViewController.swift in Sources */ = {isa = PBXBuildFile; fileRef = 4B893A8024C76ECF00BB69D4 /* NewConversationViewController.swift */; };
		4B893A8324C76EF700BB69D4 /* ProfileViewController.swift in Sources */ = {isa = PBXBuildFile; fileRef = 4B893A8224C76EF700BB69D4 /* ProfileViewController.swift */; };
		4B8BA36624CC56B400351DFD /* ChatViewController.swift in Sources */ = {isa = PBXBuildFile; fileRef = 4B8BA36524CC56B400351DFD /* ChatViewController.swift */; };
		4BA2BA9324C89DBF00FEA227 /* GoogleService-Info.plist in Resources */ = {isa = PBXBuildFile; fileRef = 4BA2BA9224C89DBF00FEA227 /* GoogleService-Info.plist */; };
		4BB1C16E24C9D97700983920 /* DatabaseManager.swift in Sources */ = {isa = PBXBuildFile; fileRef = 4BB1C16D24C9D97700983920 /* DatabaseManager.swift */; };
		4BB1C17024C9DB8000983920 /* MessengerUser.swift in Sources */ = {isa = PBXBuildFile; fileRef = 4BB1C16F24C9DB8000983920 /* MessengerUser.swift */; };
		4BE2600124D483F9007E0118 /* ConversationTableViewCell.swift in Sources */ = {isa = PBXBuildFile; fileRef = 4BE2600024D483F9007E0118 /* ConversationTableViewCell.swift */; };
		4BE2600324D48957007E0118 /* Conversation.swift in Sources */ = {isa = PBXBuildFile; fileRef = 4BE2600224D48957007E0118 /* Conversation.swift */; };
		8000FE0A82A8792BBFC0892D /* Pods_Messenger.framework in Frameworks */ = {isa = PBXBuildFile; fileRef = C651A30483BC2AC144BFBF9F /* Pods_Messenger.framework */; };
/* End PBXBuildFile section */

/* Begin PBXFileReference section */
		032B99C0BB140BB614C6E65B /* Pods-Messenger.debug.xcconfig */ = {isa = PBXFileReference; includeInIndex = 1; lastKnownFileType = text.xcconfig; name = "Pods-Messenger.debug.xcconfig"; path = "Target Support Files/Pods-Messenger/Pods-Messenger.debug.xcconfig"; sourceTree = "<group>"; };
		4B00F8F824D9B3E100681354 /* NewConversationTableViewCell.swift */ = {isa = PBXFileReference; lastKnownFileType = sourcecode.swift; path = NewConversationTableViewCell.swift; sourceTree = "<group>"; };
		4B00F90D24DA24CA00681354 /* NotificationName+.swift */ = {isa = PBXFileReference; lastKnownFileType = sourcecode.swift; path = "NotificationName+.swift"; sourceTree = "<group>"; };
		4B0F5D0824C76B05008ADC0C /* Messenger.app */ = {isa = PBXFileReference; explicitFileType = wrapper.application; includeInIndex = 0; path = Messenger.app; sourceTree = BUILT_PRODUCTS_DIR; };
		4B0F5D0B24C76B05008ADC0C /* AppDelegate.swift */ = {isa = PBXFileReference; lastKnownFileType = sourcecode.swift; path = AppDelegate.swift; sourceTree = "<group>"; };
		4B0F5D0D24C76B05008ADC0C /* SceneDelegate.swift */ = {isa = PBXFileReference; lastKnownFileType = sourcecode.swift; path = SceneDelegate.swift; sourceTree = "<group>"; };
		4B0F5D0F24C76B05008ADC0C /* ConversationsViewController.swift */ = {isa = PBXFileReference; lastKnownFileType = sourcecode.swift; path = ConversationsViewController.swift; sourceTree = "<group>"; };
		4B0F5D1224C76B05008ADC0C /* Base */ = {isa = PBXFileReference; lastKnownFileType = file.storyboard; name = Base; path = Base.lproj/Main.storyboard; sourceTree = "<group>"; };
		4B0F5D1424C76B07008ADC0C /* Assets.xcassets */ = {isa = PBXFileReference; lastKnownFileType = folder.assetcatalog; path = Assets.xcassets; sourceTree = "<group>"; };
		4B0F5D1724C76B07008ADC0C /* Base */ = {isa = PBXFileReference; lastKnownFileType = file.storyboard; name = Base; path = Base.lproj/LaunchScreen.storyboard; sourceTree = "<group>"; };
		4B0F5D1924C76B07008ADC0C /* Info.plist */ = {isa = PBXFileReference; lastKnownFileType = text.plist.xml; path = Info.plist; sourceTree = "<group>"; };
		4B2C7B6324C9FD6F00539653 /* String+.swift */ = {isa = PBXFileReference; lastKnownFileType = sourcecode.swift; path = "String+.swift"; sourceTree = "<group>"; };
		4B2C7B6524CB6EE200539653 /* UserDefaults+.swift */ = {isa = PBXFileReference; lastKnownFileType = sourcecode.swift; path = "UserDefaults+.swift"; sourceTree = "<group>"; };
		4B49952024C8A78A00046667 /* Messenger.entitlements */ = {isa = PBXFileReference; lastKnownFileType = text.plist.entitlements; path = Messenger.entitlements; sourceTree = "<group>"; };
		4B4DAC2A24CDFB4600DBD947 /* StorageManager.swift */ = {isa = PBXFileReference; lastKnownFileType = sourcecode.swift; path = StorageManager.swift; sourceTree = "<group>"; };
		4B893A7824C76D7D00BB69D4 /* SignInViewController.swift */ = {isa = PBXFileReference; lastKnownFileType = sourcecode.swift; path = SignInViewController.swift; sourceTree = "<group>"; };
		4B893A7A24C76D9C00BB69D4 /* RegisterViewController.swift */ = {isa = PBXFileReference; lastKnownFileType = sourcecode.swift; path = RegisterViewController.swift; sourceTree = "<group>"; };
		4B893A7C24C76E8500BB69D4 /* PhotoViewerViewController.swift */ = {isa = PBXFileReference; lastKnownFileType = sourcecode.swift; path = PhotoViewerViewController.swift; sourceTree = "<group>"; };
		4B893A7E24C76E9C00BB69D4 /* VideoPlayerViewController.swift */ = {isa = PBXFileReference; lastKnownFileType = sourcecode.swift; path = VideoPlayerViewController.swift; sourceTree = "<group>"; };
		4B893A8024C76ECF00BB69D4 /* NewConversationViewController.swift */ = {isa = PBXFileReference; lastKnownFileType = sourcecode.swift; path = NewConversationViewController.swift; sourceTree = "<group>"; };
		4B893A8224C76EF700BB69D4 /* ProfileViewController.swift */ = {isa = PBXFileReference; lastKnownFileType = sourcecode.swift; path = ProfileViewController.swift; sourceTree = "<group>"; };
		4B8BA36524CC56B400351DFD /* ChatViewController.swift */ = {isa = PBXFileReference; lastKnownFileType = sourcecode.swift; path = ChatViewController.swift; sourceTree = "<group>"; };
		4BA2BA9224C89DBF00FEA227 /* GoogleService-Info.plist */ = {isa = PBXFileReference; fileEncoding = 4; lastKnownFileType = text.plist.xml; path = "GoogleService-Info.plist"; sourceTree = "<group>"; };
		4BB1C16D24C9D97700983920 /* DatabaseManager.swift */ = {isa = PBXFileReference; lastKnownFileType = sourcecode.swift; path = DatabaseManager.swift; sourceTree = "<group>"; };
		4BB1C16F24C9DB8000983920 /* MessengerUser.swift */ = {isa = PBXFileReference; lastKnownFileType = sourcecode.swift; path = MessengerUser.swift; sourceTree = "<group>"; };
		4BE2600024D483F9007E0118 /* ConversationTableViewCell.swift */ = {isa = PBXFileReference; lastKnownFileType = sourcecode.swift; path = ConversationTableViewCell.swift; sourceTree = "<group>"; };
		4BE2600224D48957007E0118 /* Conversation.swift */ = {isa = PBXFileReference; lastKnownFileType = sourcecode.swift; path = Conversation.swift; sourceTree = "<group>"; };
		9797B9A35CDAFF52DB4F41E9 /* Pods-Messenger.release.xcconfig */ = {isa = PBXFileReference; includeInIndex = 1; lastKnownFileType = text.xcconfig; name = "Pods-Messenger.release.xcconfig"; path = "Target Support Files/Pods-Messenger/Pods-Messenger.release.xcconfig"; sourceTree = "<group>"; };
		C651A30483BC2AC144BFBF9F /* Pods_Messenger.framework */ = {isa = PBXFileReference; explicitFileType = wrapper.framework; includeInIndex = 0; path = Pods_Messenger.framework; sourceTree = BUILT_PRODUCTS_DIR; };
/* End PBXFileReference section */

/* Begin PBXFrameworksBuildPhase section */
		4B0F5D0524C76B05008ADC0C /* Frameworks */ = {
			isa = PBXFrameworksBuildPhase;
			buildActionMask = 2147483647;
			files = (
				8000FE0A82A8792BBFC0892D /* Pods_Messenger.framework in Frameworks */,
			);
			runOnlyForDeploymentPostprocessing = 0;
		};
/* End PBXFrameworksBuildPhase section */

/* Begin PBXGroup section */
		4B00F90F24DA253F00681354 /* Extensions */ = {
			isa = PBXGroup;
			children = (
				4B2C7B6324C9FD6F00539653 /* String+.swift */,
				4B2C7B6524CB6EE200539653 /* UserDefaults+.swift */,
				4B00F90D24DA24CA00681354 /* NotificationName+.swift */,
			);
			path = Extensions;
			sourceTree = "<group>";
		};
		4B0F5CFF24C76B05008ADC0C = {
			isa = PBXGroup;
			children = (
				4B0F5D0A24C76B05008ADC0C /* Messenger */,
				4B0F5D0924C76B05008ADC0C /* Products */,
				69D0B727B9D95517EF9B080F /* Pods */,
				6AE5E0BA8BBF507F7BCAE0F2 /* Frameworks */,
			);
			sourceTree = "<group>";
		};
		4B0F5D0924C76B05008ADC0C /* Products */ = {
			isa = PBXGroup;
			children = (
				4B0F5D0824C76B05008ADC0C /* Messenger.app */,
			);
			name = Products;
			sourceTree = "<group>";
		};
		4B0F5D0A24C76B05008ADC0C /* Messenger */ = {
			isa = PBXGroup;
			children = (
				4B49952024C8A78A00046667 /* Messenger.entitlements */,
				4B0F5D2324C76BBE008ADC0C /* Resources */,
				4B0F5D2224C76BAC008ADC0C /* View Models */,
				4B0F5D2124C76B9D008ADC0C /* Models */,
				4B0F5D2024C76B8F008ADC0C /* Views */,
				4B0F5D1F24C76B7C008ADC0C /* Controllers */,
				4B0F5D1924C76B07008ADC0C /* Info.plist */,
				4BA2BA9224C89DBF00FEA227 /* GoogleService-Info.plist */,
			);
			path = Messenger;
			sourceTree = "<group>";
		};
		4B0F5D1F24C76B7C008ADC0C /* Controllers */ = {
			isa = PBXGroup;
			children = (
				4B893A8424C76FFE00BB69D4 /* Login */,
				4B0F5D0F24C76B05008ADC0C /* ConversationsViewController.swift */,
				4B893A7C24C76E8500BB69D4 /* PhotoViewerViewController.swift */,
				4B893A7E24C76E9C00BB69D4 /* VideoPlayerViewController.swift */,
				4B893A8024C76ECF00BB69D4 /* NewConversationViewController.swift */,
				4B893A8224C76EF700BB69D4 /* ProfileViewController.swift */,
				4B8BA36524CC56B400351DFD /* ChatViewController.swift */,
			);
			path = Controllers;
			sourceTree = "<group>";
		};
		4B0F5D2024C76B8F008ADC0C /* Views */ = {
			isa = PBXGroup;
			children = (
				4B0F5D2424C76C08008ADC0C /* Storyboards */,
				4B0F5D1424C76B07008ADC0C /* Assets.xcassets */,
				4BE2600024D483F9007E0118 /* ConversationTableViewCell.swift */,
				4B00F8F824D9B3E100681354 /* NewConversationTableViewCell.swift */,
			);
			path = Views;
			sourceTree = "<group>";
		};
		4B0F5D2124C76B9D008ADC0C /* Models */ = {
			isa = PBXGroup;
			children = (
				4BB1C16F24C9DB8000983920 /* MessengerUser.swift */,
				4BE2600224D48957007E0118 /* Conversation.swift */,
			);
			path = Models;
			sourceTree = "<group>";
		};
		4B0F5D2224C76BAC008ADC0C /* View Models */ = {
			isa = PBXGroup;
			children = (
			);
			path = "View Models";
			sourceTree = "<group>";
		};
		4B0F5D2324C76BBE008ADC0C /* Resources */ = {
			isa = PBXGroup;
			children = (
				4B00F90F24DA253F00681354 /* Extensions */,
				4B0F5D0B24C76B05008ADC0C /* AppDelegate.swift */,
				4B0F5D0D24C76B05008ADC0C /* SceneDelegate.swift */,
				4BB1C16D24C9D97700983920 /* DatabaseManager.swift */,
				4B4DAC2A24CDFB4600DBD947 /* StorageManager.swift */,
			);
			path = Resources;
			sourceTree = "<group>";
		};
		4B0F5D2424C76C08008ADC0C /* Storyboards */ = {
			isa = PBXGroup;
			children = (
				4B0F5D1124C76B05008ADC0C /* Main.storyboard */,
				4B0F5D1624C76B07008ADC0C /* LaunchScreen.storyboard */,
			);
			path = Storyboards;
			sourceTree = "<group>";
		};
		4B893A8424C76FFE00BB69D4 /* Login */ = {
			isa = PBXGroup;
			children = (
				4B893A7824C76D7D00BB69D4 /* SignInViewController.swift */,
				4B893A7A24C76D9C00BB69D4 /* RegisterViewController.swift */,
			);
			path = Login;
			sourceTree = "<group>";
		};
		69D0B727B9D95517EF9B080F /* Pods */ = {
			isa = PBXGroup;
			children = (
				032B99C0BB140BB614C6E65B /* Pods-Messenger.debug.xcconfig */,
				9797B9A35CDAFF52DB4F41E9 /* Pods-Messenger.release.xcconfig */,
			);
			path = Pods;
			sourceTree = "<group>";
		};
		6AE5E0BA8BBF507F7BCAE0F2 /* Frameworks */ = {
			isa = PBXGroup;
			children = (
				C651A30483BC2AC144BFBF9F /* Pods_Messenger.framework */,
			);
			name = Frameworks;
			sourceTree = "<group>";
		};
/* End PBXGroup section */

/* Begin PBXNativeTarget section */
		4B0F5D0724C76B05008ADC0C /* Messenger */ = {
			isa = PBXNativeTarget;
			buildConfigurationList = 4B0F5D1C24C76B07008ADC0C /* Build configuration list for PBXNativeTarget "Messenger" */;
			buildPhases = (
				DA7AE723C230B2FFF787764A /* [CP] Check Pods Manifest.lock */,
				4B0F5D0424C76B05008ADC0C /* Sources */,
				4B0F5D0524C76B05008ADC0C /* Frameworks */,
				4B0F5D0624C76B05008ADC0C /* Resources */,
				20F7CC7EA8A29BA863C8FFFE /* [CP] Embed Pods Frameworks */,
			);
			buildRules = (
			);
			dependencies = (
			);
			name = Messenger;
			productName = Messenger;
			productReference = 4B0F5D0824C76B05008ADC0C /* Messenger.app */;
			productType = "com.apple.product-type.application";
		};
/* End PBXNativeTarget section */

/* Begin PBXProject section */
		4B0F5D0024C76B05008ADC0C /* Project object */ = {
			isa = PBXProject;
			attributes = {
				LastSwiftUpdateCheck = 1160;
				LastUpgradeCheck = 1160;
				ORGANIZATIONNAME = "Abdulaziz AlObaili";
				TargetAttributes = {
					4B0F5D0724C76B05008ADC0C = {
						CreatedOnToolsVersion = 11.6;
					};
				};
			};
			buildConfigurationList = 4B0F5D0324C76B05008ADC0C /* Build configuration list for PBXProject "Messenger" */;
			compatibilityVersion = "Xcode 9.3";
			developmentRegion = en;
			hasScannedForEncodings = 0;
			knownRegions = (
				en,
				Base,
			);
			mainGroup = 4B0F5CFF24C76B05008ADC0C;
			productRefGroup = 4B0F5D0924C76B05008ADC0C /* Products */;
			projectDirPath = "";
			projectRoot = "";
			targets = (
				4B0F5D0724C76B05008ADC0C /* Messenger */,
			);
		};
/* End PBXProject section */

/* Begin PBXResourcesBuildPhase section */
		4B0F5D0624C76B05008ADC0C /* Resources */ = {
			isa = PBXResourcesBuildPhase;
			buildActionMask = 2147483647;
			files = (
				4B0F5D1824C76B07008ADC0C /* LaunchScreen.storyboard in Resources */,
				4BA2BA9324C89DBF00FEA227 /* GoogleService-Info.plist in Resources */,
				4B0F5D1524C76B07008ADC0C /* Assets.xcassets in Resources */,
				4B0F5D1324C76B05008ADC0C /* Main.storyboard in Resources */,
			);
			runOnlyForDeploymentPostprocessing = 0;
		};
/* End PBXResourcesBuildPhase section */

/* Begin PBXShellScriptBuildPhase section */
		20F7CC7EA8A29BA863C8FFFE /* [CP] Embed Pods Frameworks */ = {
			isa = PBXShellScriptBuildPhase;
			buildActionMask = 2147483647;
			files = (
			);
			inputFileListPaths = (
				"${PODS_ROOT}/Target Support Files/Pods-Messenger/Pods-Messenger-frameworks-${CONFIGURATION}-input-files.xcfilelist",
			);
			name = "[CP] Embed Pods Frameworks";
			outputFileListPaths = (
				"${PODS_ROOT}/Target Support Files/Pods-Messenger/Pods-Messenger-frameworks-${CONFIGURATION}-output-files.xcfilelist",
			);
			runOnlyForDeploymentPostprocessing = 0;
			shellPath = /bin/sh;
			shellScript = "\"${PODS_ROOT}/Target Support Files/Pods-Messenger/Pods-Messenger-frameworks.sh\"\n";
			showEnvVarsInLog = 0;
		};
		DA7AE723C230B2FFF787764A /* [CP] Check Pods Manifest.lock */ = {
			isa = PBXShellScriptBuildPhase;
			buildActionMask = 2147483647;
			files = (
			);
			inputFileListPaths = (
			);
			inputPaths = (
				"${PODS_PODFILE_DIR_PATH}/Podfile.lock",
				"${PODS_ROOT}/Manifest.lock",
			);
			name = "[CP] Check Pods Manifest.lock";
			outputFileListPaths = (
			);
			outputPaths = (
				"$(DERIVED_FILE_DIR)/Pods-Messenger-checkManifestLockResult.txt",
			);
			runOnlyForDeploymentPostprocessing = 0;
			shellPath = /bin/sh;
			shellScript = "diff \"${PODS_PODFILE_DIR_PATH}/Podfile.lock\" \"${PODS_ROOT}/Manifest.lock\" > /dev/null\nif [ $? != 0 ] ; then\n    # print error to STDERR\n    echo \"error: The sandbox is not in sync with the Podfile.lock. Run 'pod install' or update your CocoaPods installation.\" >&2\n    exit 1\nfi\n# This output is used by Xcode 'outputs' to avoid re-running this script phase.\necho \"SUCCESS\" > \"${SCRIPT_OUTPUT_FILE_0}\"\n";
			showEnvVarsInLog = 0;
		};
/* End PBXShellScriptBuildPhase section */

/* Begin PBXSourcesBuildPhase section */
		4B0F5D0424C76B05008ADC0C /* Sources */ = {
			isa = PBXSourcesBuildPhase;
			buildActionMask = 2147483647;
			files = (
				4B893A7924C76D7D00BB69D4 /* SignInViewController.swift in Sources */,
				4B893A7B24C76D9C00BB69D4 /* RegisterViewController.swift in Sources */,
				4BB1C16E24C9D97700983920 /* DatabaseManager.swift in Sources */,
				4B893A8124C76ECF00BB69D4 /* NewConversationViewController.swift in Sources */,
				4B0F5D1024C76B05008ADC0C /* ConversationsViewController.swift in Sources */,
				4B00F8F924D9B3E100681354 /* NewConversationTableViewCell.swift in Sources */,
				4B893A7F24C76E9C00BB69D4 /* VideoPlayerViewController.swift in Sources */,
				4B0F5D0C24C76B05008ADC0C /* AppDelegate.swift in Sources */,
				4B2C7B6624CB6EE200539653 /* UserDefaults+.swift in Sources */,
				4BE2600124D483F9007E0118 /* ConversationTableViewCell.swift in Sources */,
				4B893A8324C76EF700BB69D4 /* ProfileViewController.swift in Sources */,
				4B0F5D0E24C76B05008ADC0C /* SceneDelegate.swift in Sources */,
				4BE2600324D48957007E0118 /* Conversation.swift in Sources */,
				4B8BA36624CC56B400351DFD /* ChatViewController.swift in Sources */,
				4BB1C17024C9DB8000983920 /* MessengerUser.swift in Sources */,
				4B4DAC2B24CDFB4600DBD947 /* StorageManager.swift in Sources */,
				4B00F90E24DA24CA00681354 /* NotificationName+.swift in Sources */,
				4B2C7B6424C9FD6F00539653 /* String+.swift in Sources */,
				4B893A7D24C76E8500BB69D4 /* PhotoViewerViewController.swift in Sources */,
			);
			runOnlyForDeploymentPostprocessing = 0;
		};
/* End PBXSourcesBuildPhase section */

/* Begin PBXVariantGroup section */
		4B0F5D1124C76B05008ADC0C /* Main.storyboard */ = {
			isa = PBXVariantGroup;
			children = (
				4B0F5D1224C76B05008ADC0C /* Base */,
			);
			name = Main.storyboard;
			sourceTree = "<group>";
		};
		4B0F5D1624C76B07008ADC0C /* LaunchScreen.storyboard */ = {
			isa = PBXVariantGroup;
			children = (
				4B0F5D1724C76B07008ADC0C /* Base */,
			);
			name = LaunchScreen.storyboard;
			sourceTree = "<group>";
		};
/* End PBXVariantGroup section */

/* Begin XCBuildConfiguration section */
		4B0F5D1A24C76B07008ADC0C /* Debug */ = {
			isa = XCBuildConfiguration;
			buildSettings = {
				ALWAYS_SEARCH_USER_PATHS = NO;
				CLANG_ANALYZER_NONNULL = YES;
				CLANG_ANALYZER_NUMBER_OBJECT_CONVERSION = YES_AGGRESSIVE;
				CLANG_CXX_LANGUAGE_STANDARD = "gnu++14";
				CLANG_CXX_LIBRARY = "libc++";
				CLANG_ENABLE_MODULES = YES;
				CLANG_ENABLE_OBJC_ARC = YES;
				CLANG_ENABLE_OBJC_WEAK = YES;
				CLANG_WARN_BLOCK_CAPTURE_AUTORELEASING = YES;
				CLANG_WARN_BOOL_CONVERSION = YES;
				CLANG_WARN_COMMA = YES;
				CLANG_WARN_CONSTANT_CONVERSION = YES;
				CLANG_WARN_DEPRECATED_OBJC_IMPLEMENTATIONS = YES;
				CLANG_WARN_DIRECT_OBJC_ISA_USAGE = YES_ERROR;
				CLANG_WARN_DOCUMENTATION_COMMENTS = YES;
				CLANG_WARN_EMPTY_BODY = YES;
				CLANG_WARN_ENUM_CONVERSION = YES;
				CLANG_WARN_INFINITE_RECURSION = YES;
				CLANG_WARN_INT_CONVERSION = YES;
				CLANG_WARN_NON_LITERAL_NULL_CONVERSION = YES;
				CLANG_WARN_OBJC_IMPLICIT_RETAIN_SELF = YES;
				CLANG_WARN_OBJC_LITERAL_CONVERSION = YES;
				CLANG_WARN_OBJC_ROOT_CLASS = YES_ERROR;
				CLANG_WARN_RANGE_LOOP_ANALYSIS = YES;
				CLANG_WARN_STRICT_PROTOTYPES = YES;
				CLANG_WARN_SUSPICIOUS_MOVE = YES;
				CLANG_WARN_UNGUARDED_AVAILABILITY = YES_AGGRESSIVE;
				CLANG_WARN_UNREACHABLE_CODE = YES;
				CLANG_WARN__DUPLICATE_METHOD_MATCH = YES;
				COPY_PHASE_STRIP = NO;
				DEBUG_INFORMATION_FORMAT = dwarf;
				ENABLE_STRICT_OBJC_MSGSEND = YES;
				ENABLE_TESTABILITY = YES;
				GCC_C_LANGUAGE_STANDARD = gnu11;
				GCC_DYNAMIC_NO_PIC = NO;
				GCC_NO_COMMON_BLOCKS = YES;
				GCC_OPTIMIZATION_LEVEL = 0;
				GCC_PREPROCESSOR_DEFINITIONS = (
					"DEBUG=1",
					"$(inherited)",
				);
				GCC_WARN_64_TO_32_BIT_CONVERSION = YES;
				GCC_WARN_ABOUT_RETURN_TYPE = YES_ERROR;
				GCC_WARN_UNDECLARED_SELECTOR = YES;
				GCC_WARN_UNINITIALIZED_AUTOS = YES_AGGRESSIVE;
				GCC_WARN_UNUSED_FUNCTION = YES;
				GCC_WARN_UNUSED_VARIABLE = YES;
				IPHONEOS_DEPLOYMENT_TARGET = 13.6;
				MTL_ENABLE_DEBUG_INFO = INCLUDE_SOURCE;
				MTL_FAST_MATH = YES;
				ONLY_ACTIVE_ARCH = YES;
				SDKROOT = iphoneos;
				SWIFT_ACTIVE_COMPILATION_CONDITIONS = DEBUG;
				SWIFT_OPTIMIZATION_LEVEL = "-Onone";
			};
			name = Debug;
		};
		4B0F5D1B24C76B07008ADC0C /* Release */ = {
			isa = XCBuildConfiguration;
			buildSettings = {
				ALWAYS_SEARCH_USER_PATHS = NO;
				CLANG_ANALYZER_NONNULL = YES;
				CLANG_ANALYZER_NUMBER_OBJECT_CONVERSION = YES_AGGRESSIVE;
				CLANG_CXX_LANGUAGE_STANDARD = "gnu++14";
				CLANG_CXX_LIBRARY = "libc++";
				CLANG_ENABLE_MODULES = YES;
				CLANG_ENABLE_OBJC_ARC = YES;
				CLANG_ENABLE_OBJC_WEAK = YES;
				CLANG_WARN_BLOCK_CAPTURE_AUTORELEASING = YES;
				CLANG_WARN_BOOL_CONVERSION = YES;
				CLANG_WARN_COMMA = YES;
				CLANG_WARN_CONSTANT_CONVERSION = YES;
				CLANG_WARN_DEPRECATED_OBJC_IMPLEMENTATIONS = YES;
				CLANG_WARN_DIRECT_OBJC_ISA_USAGE = YES_ERROR;
				CLANG_WARN_DOCUMENTATION_COMMENTS = YES;
				CLANG_WARN_EMPTY_BODY = YES;
				CLANG_WARN_ENUM_CONVERSION = YES;
				CLANG_WARN_INFINITE_RECURSION = YES;
				CLANG_WARN_INT_CONVERSION = YES;
				CLANG_WARN_NON_LITERAL_NULL_CONVERSION = YES;
				CLANG_WARN_OBJC_IMPLICIT_RETAIN_SELF = YES;
				CLANG_WARN_OBJC_LITERAL_CONVERSION = YES;
				CLANG_WARN_OBJC_ROOT_CLASS = YES_ERROR;
				CLANG_WARN_RANGE_LOOP_ANALYSIS = YES;
				CLANG_WARN_STRICT_PROTOTYPES = YES;
				CLANG_WARN_SUSPICIOUS_MOVE = YES;
				CLANG_WARN_UNGUARDED_AVAILABILITY = YES_AGGRESSIVE;
				CLANG_WARN_UNREACHABLE_CODE = YES;
				CLANG_WARN__DUPLICATE_METHOD_MATCH = YES;
				COPY_PHASE_STRIP = NO;
				DEBUG_INFORMATION_FORMAT = "dwarf-with-dsym";
				ENABLE_NS_ASSERTIONS = NO;
				ENABLE_STRICT_OBJC_MSGSEND = YES;
				GCC_C_LANGUAGE_STANDARD = gnu11;
				GCC_NO_COMMON_BLOCKS = YES;
				GCC_WARN_64_TO_32_BIT_CONVERSION = YES;
				GCC_WARN_ABOUT_RETURN_TYPE = YES_ERROR;
				GCC_WARN_UNDECLARED_SELECTOR = YES;
				GCC_WARN_UNINITIALIZED_AUTOS = YES_AGGRESSIVE;
				GCC_WARN_UNUSED_FUNCTION = YES;
				GCC_WARN_UNUSED_VARIABLE = YES;
				IPHONEOS_DEPLOYMENT_TARGET = 13.6;
				MTL_ENABLE_DEBUG_INFO = NO;
				MTL_FAST_MATH = YES;
				SDKROOT = iphoneos;
				SWIFT_COMPILATION_MODE = wholemodule;
				SWIFT_OPTIMIZATION_LEVEL = "-O";
				VALIDATE_PRODUCT = YES;
			};
			name = Release;
		};
		4B0F5D1D24C76B07008ADC0C /* Debug */ = {
			isa = XCBuildConfiguration;
			baseConfigurationReference = 032B99C0BB140BB614C6E65B /* Pods-Messenger.debug.xcconfig */;
			buildSettings = {
				ASSETCATALOG_COMPILER_APPICON_NAME = AppIcon;
				CODE_SIGN_ENTITLEMENTS = Messenger/Messenger.entitlements;
				CODE_SIGN_STYLE = Automatic;
				DEVELOPMENT_TEAM = NCT5DLQUJC;
				INFOPLIST_FILE = Messenger/Info.plist;
				LD_RUNPATH_SEARCH_PATHS = (
					"$(inherited)",
					"@executable_path/Frameworks",
				);
				PRODUCT_BUNDLE_IDENTIFIER = com.alobaili.Messenger;
				PRODUCT_NAME = "$(TARGET_NAME)";
				SWIFT_VERSION = 5.0;
				TARGETED_DEVICE_FAMILY = "1,2";
			};
			name = Debug;
		};
		4B0F5D1E24C76B07008ADC0C /* Release */ = {
			isa = XCBuildConfiguration;
			baseConfigurationReference = 9797B9A35CDAFF52DB4F41E9 /* Pods-Messenger.release.xcconfig */;
			buildSettings = {
				ASSETCATALOG_COMPILER_APPICON_NAME = AppIcon;
				CODE_SIGN_ENTITLEMENTS = Messenger/Messenger.entitlements;
				CODE_SIGN_STYLE = Automatic;
				DEVELOPMENT_TEAM = NCT5DLQUJC;
				INFOPLIST_FILE = Messenger/Info.plist;
				LD_RUNPATH_SEARCH_PATHS = (
					"$(inherited)",
					"@executable_path/Frameworks",
				);
				PRODUCT_BUNDLE_IDENTIFIER = com.alobaili.Messenger;
				PRODUCT_NAME = "$(TARGET_NAME)";
				SWIFT_VERSION = 5.0;
				TARGETED_DEVICE_FAMILY = "1,2";
			};
			name = Release;
		};
/* End XCBuildConfiguration section */

/* Begin XCConfigurationList section */
		4B0F5D0324C76B05008ADC0C /* Build configuration list for PBXProject "Messenger" */ = {
			isa = XCConfigurationList;
			buildConfigurations = (
				4B0F5D1A24C76B07008ADC0C /* Debug */,
				4B0F5D1B24C76B07008ADC0C /* Release */,
			);
			defaultConfigurationIsVisible = 0;
			defaultConfigurationName = Release;
		};
		4B0F5D1C24C76B07008ADC0C /* Build configuration list for PBXNativeTarget "Messenger" */ = {
			isa = XCConfigurationList;
			buildConfigurations = (
				4B0F5D1D24C76B07008ADC0C /* Debug */,
				4B0F5D1E24C76B07008ADC0C /* Release */,
			);
			defaultConfigurationIsVisible = 0;
			defaultConfigurationName = Release;
		};
/* End XCConfigurationList section */
	};
	rootObject = 4B0F5D0024C76B05008ADC0C /* Project object */;
}
